<?xml version="1.0" encoding="utf-8"?>
<Project ToolsVersion="15.0" xmlns="http://schemas.microsoft.com/developer/msbuild/2003">
  <ItemGroup>
    <CustomBuild Include="C:\Users\MiguelBarro\Documents\discovery-server\CMakeFiles\b32b33ebd028e3d2512cc059a9797124\INSTALL_force.rule">
      <Filter>CMake Rules</Filter>
    </CustomBuild>
  </ItemGroup>
  <ItemGroup>
    <Filter Include="CMake Rules">
      <UniqueIdentifier>{D4683627-A731-3478-AAFE-B2C0CB596D65}</UniqueIdentifier>
    </Filter>
  </ItemGroup>
</Project>
